
Microsoft Visual Studio Solution File, Format Version 12.00
# Visual Studio Version 17
VisualStudioVersion = 17.5.33530.505
MinimumVisualStudioVersion = 10.0.40219.1
Project("{2150E333-8FDC-42A3-9474-1A3956D46DE8}") = "Solution Items", "Solution Items", "{46FB418A-DD61-495E-B5B9-A6C96AEF3582}"
	ProjectSection(SolutionItems) = preProject
		.gitignore = .gitignore
		LICENSE = LICENSE
		README.md = README.md
	EndProjectSection
EndProject
Project("{2150E333-8FDC-42A3-9474-1A3956D46DE8}") = "Libraries", "Libraries", "{8A375364-B265-4786-AD15-DA3F01B77376}"
EndProject
Project("{2150E333-8FDC-42A3-9474-1A3956D46DE8}") = "CliApps", "CliApps", "{E554EA83-9E37-4A3C-AEFC-B94D89F52168}"
EndProject
Project("{2150E333-8FDC-42A3-9474-1A3956D46DE8}") = "UnitTests", "UnitTests", "{9DF68B86-BDCC-44FB-BFC3-96D5BC52E88D}"
EndProject
Project("{9A19103F-16F7-4668-BE54-9A1E7A4F7556}") = "FldVault.Core", "FldVault.Core\FldVault.Core.csproj", "{14A805A3-DE66-4493-B505-650E041F5FE8}"
EndProject
Project("{9A19103F-16F7-4668-BE54-9A1E7A4F7556}") = "UnitTests.FldVault", "UnitTests.FldVault\UnitTests.FldVault.csproj", "{B26B2494-F1DC-4083-BAD1-831AC561E070}"
EndProject
Project("{6EC3EE1D-3C4E-46DD-8F32-0CC8E7565705}") = "zvlt", "zvlt\zvlt.fsproj", "{AA3C00E6-81EF-4B11-BAB2-A7FD8F691D93}"
EndProject
Project("{9A19103F-16F7-4668-BE54-9A1E7A4F7556}") = "UdSocketLib", "UdSocketLib\UdSocketLib.csproj", "{702BF9ED-D534-452C-8344-5CDA3D8ADAB2}"
EndProject
Project("{6EC3EE1D-3C4E-46DD-8F32-0CC8E7565705}") = "zvkeyservice", "zvkeyservice\zvkeyservice.fsproj", "{D9B81B47-850D-4B44-ADDF-892AA28EDA86}"
EndProject
Project("{9A19103F-16F7-4668-BE54-9A1E7A4F7556}") = "FldVault.KeyServer", "FldVault.KeyServer\FldVault.KeyServer.csproj", "{CA47EAA1-F840-47CF-8197-07CFD2CEB849}"
EndProject
Project("{9A19103F-16F7-4668-BE54-9A1E7A4F7556}") = "FldVault.Upi", "FldVault.Upi\FldVault.Upi.csproj", "{9C6558C3-D1DC-47B2-9F41-CA164FF5BA78}"
EndProject
Project("{FAE04EC0-301F-11D3-BF4B-00C04F79EFBC}") = "FldVault.Upi.Implementation", "FldVault.Upi.Implementation\FldVault.Upi.Implementation.csproj", "{3C4ABC7B-A73B-4227-8FAC-22FA87592B59}"
EndProject
Global
	GlobalSection(SolutionConfigurationPlatforms) = preSolution
		Debug|Any CPU = Debug|Any CPU
		Release|Any CPU = Release|Any CPU
	EndGlobalSection
	GlobalSection(ProjectConfigurationPlatforms) = postSolution
		{14A805A3-DE66-4493-B505-650E041F5FE8}.Debug|Any CPU.ActiveCfg = Debug|Any CPU
		{14A805A3-DE66-4493-B505-650E041F5FE8}.Debug|Any CPU.Build.0 = Debug|Any CPU
		{14A805A3-DE66-4493-B505-650E041F5FE8}.Release|Any CPU.ActiveCfg = Release|Any CPU
		{14A805A3-DE66-4493-B505-650E041F5FE8}.Release|Any CPU.Build.0 = Release|Any CPU
		{B26B2494-F1DC-4083-BAD1-831AC561E070}.Debug|Any CPU.ActiveCfg = Debug|Any CPU
		{B26B2494-F1DC-4083-BAD1-831AC561E070}.Debug|Any CPU.Build.0 = Debug|Any CPU
		{B26B2494-F1DC-4083-BAD1-831AC561E070}.Release|Any CPU.ActiveCfg = Release|Any CPU
		{B26B2494-F1DC-4083-BAD1-831AC561E070}.Release|Any CPU.Build.0 = Release|Any CPU
		{AA3C00E6-81EF-4B11-BAB2-A7FD8F691D93}.Debug|Any CPU.ActiveCfg = Debug|Any CPU
		{AA3C00E6-81EF-4B11-BAB2-A7FD8F691D93}.Debug|Any CPU.Build.0 = Debug|Any CPU
		{AA3C00E6-81EF-4B11-BAB2-A7FD8F691D93}.Release|Any CPU.ActiveCfg = Release|Any CPU
		{AA3C00E6-81EF-4B11-BAB2-A7FD8F691D93}.Release|Any CPU.Build.0 = Release|Any CPU
		{702BF9ED-D534-452C-8344-5CDA3D8ADAB2}.Debug|Any CPU.ActiveCfg = Debug|Any CPU
		{702BF9ED-D534-452C-8344-5CDA3D8ADAB2}.Debug|Any CPU.Build.0 = Debug|Any CPU
		{702BF9ED-D534-452C-8344-5CDA3D8ADAB2}.Release|Any CPU.ActiveCfg = Release|Any CPU
		{702BF9ED-D534-452C-8344-5CDA3D8ADAB2}.Release|Any CPU.Build.0 = Release|Any CPU
		{D9B81B47-850D-4B44-ADDF-892AA28EDA86}.Debug|Any CPU.ActiveCfg = Debug|Any CPU
		{D9B81B47-850D-4B44-ADDF-892AA28EDA86}.Debug|Any CPU.Build.0 = Debug|Any CPU
		{D9B81B47-850D-4B44-ADDF-892AA28EDA86}.Release|Any CPU.ActiveCfg = Release|Any CPU
		{D9B81B47-850D-4B44-ADDF-892AA28EDA86}.Release|Any CPU.Build.0 = Release|Any CPU
		{CA47EAA1-F840-47CF-8197-07CFD2CEB849}.Debug|Any CPU.ActiveCfg = Debug|Any CPU
		{CA47EAA1-F840-47CF-8197-07CFD2CEB849}.Debug|Any CPU.Build.0 = Debug|Any CPU
		{CA47EAA1-F840-47CF-8197-07CFD2CEB849}.Release|Any CPU.ActiveCfg = Release|Any CPU
		{CA47EAA1-F840-47CF-8197-07CFD2CEB849}.Release|Any CPU.Build.0 = Release|Any CPU
		{9C6558C3-D1DC-47B2-9F41-CA164FF5BA78}.Debug|Any CPU.ActiveCfg = Debug|Any CPU
		{9C6558C3-D1DC-47B2-9F41-CA164FF5BA78}.Debug|Any CPU.Build.0 = Debug|Any CPU
		{9C6558C3-D1DC-47B2-9F41-CA164FF5BA78}.Release|Any CPU.ActiveCfg = Release|Any CPU
		{9C6558C3-D1DC-47B2-9F41-CA164FF5BA78}.Release|Any CPU.Build.0 = Release|Any CPU
		{3C4ABC7B-A73B-4227-8FAC-22FA87592B59}.Debug|Any CPU.ActiveCfg = Debug|Any CPU
		{3C4ABC7B-A73B-4227-8FAC-22FA87592B59}.Debug|Any CPU.Build.0 = Debug|Any CPU
		{3C4ABC7B-A73B-4227-8FAC-22FA87592B59}.Release|Any CPU.ActiveCfg = Release|Any CPU
		{3C4ABC7B-A73B-4227-8FAC-22FA87592B59}.Release|Any CPU.Build.0 = Release|Any CPU
	EndGlobalSection
	GlobalSection(SolutionProperties) = preSolution
		HideSolutionNode = FALSE
	EndGlobalSection
	GlobalSection(NestedProjects) = preSolution
		{14A805A3-DE66-4493-B505-650E041F5FE8} = {8A375364-B265-4786-AD15-DA3F01B77376}
		{B26B2494-F1DC-4083-BAD1-831AC561E070} = {9DF68B86-BDCC-44FB-BFC3-96D5BC52E88D}
		{AA3C00E6-81EF-4B11-BAB2-A7FD8F691D93} = {E554EA83-9E37-4A3C-AEFC-B94D89F52168}
		{702BF9ED-D534-452C-8344-5CDA3D8ADAB2} = {8A375364-B265-4786-AD15-DA3F01B77376}
		{D9B81B47-850D-4B44-ADDF-892AA28EDA86} = {E554EA83-9E37-4A3C-AEFC-B94D89F52168}
		{CA47EAA1-F840-47CF-8197-07CFD2CEB849} = {8A375364-B265-4786-AD15-DA3F01B77376}
		{9C6558C3-D1DC-47B2-9F41-CA164FF5BA78} = {8A375364-B265-4786-AD15-DA3F01B77376}
		{3C4ABC7B-A73B-4227-8FAC-22FA87592B59} = {8A375364-B265-4786-AD15-DA3F01B77376}
	EndGlobalSection
	GlobalSection(ExtensibilityGlobals) = postSolution
		SolutionGuid = {031C7C67-97E0-4943-B6F7-344A9A89CC1D}
	EndGlobalSection
EndGlobal
